
Microsoft Visual Studio Solution File, Format Version 12.00
# Visual Studio 15
VisualStudioVersion = 15.0.28307.1622
MinimumVisualStudioVersion = 10.0.40219.1
Project("{8BC9CEB8-8B4A-11D0-8D11-00A0C91BC942}") = "7_4_inharitance_ISA", "7_4_inharitance_ISA\7_4_inharitance_ISA.vcxproj", "{F3069DA2-4EAE-4248-8159-22AC1E3F2F9B}"
EndProject
Global
	GlobalSection(SolutionConfigurationPlatforms) = preSolution
		Debug|x64 = Debug|x64
		Debug|x86 = Debug|x86
		Release|x64 = Release|x64
		Release|x86 = Release|x86
	EndGlobalSection
	GlobalSection(ProjectConfigurationPlatforms) = postSolution
		{F3069DA2-4EAE-4248-8159-22AC1E3F2F9B}.Debug|x64.ActiveCfg = Debug|x64
		{F3069DA2-4EAE-4248-8159-22AC1E3F2F9B}.Debug|x64.Build.0 = Debug|x64
		{F3069DA2-4EAE-4248-8159-22AC1E3F2F9B}.Debug|x86.ActiveCfg = Debug|Win32
		{F3069DA2-4EAE-4248-8159-22AC1E3F2F9B}.Debug|x86.Build.0 = Debug|Win32
		{F3069DA2-4EAE-4248-8159-22AC1E3F2F9B}.Release|x64.ActiveCfg = Release|x64
		{F3069DA2-4EAE-4248-8159-22AC1E3F2F9B}.Release|x64.Build.0 = Release|x64
		{F3069DA2-4EAE-4248-8159-22AC1E3F2F9B}.Release|x86.ActiveCfg = Release|Win32
		{F3069DA2-4EAE-4248-8159-22AC1E3F2F9B}.Release|x86.Build.0 = Release|Win32
	EndGlobalSection
	GlobalSection(SolutionProperties) = preSolution
		HideSolutionNode = FALSE
	EndGlobalSection
	GlobalSection(ExtensibilityGlobals) = postSolution
		SolutionGuid = {AAD81C03-94AB-47FF-87D0-470D1F707336}
	EndGlobalSection
EndGlobal
