
Microsoft Visual Studio Solution File, Format Version 12.00
# Visual Studio 15
VisualStudioVersion = 15.0.28307.1622
MinimumVisualStudioVersion = 10.0.40219.1
Project("{8BC9CEB8-8B4A-11D0-8D11-00A0C91BC942}") = "define_variable_classes", "define_variable_classes\define_variable_classes.vcxproj", "{DFC38EF5-9896-404C-905E-177534C3E105}"
EndProject
Global
	GlobalSection(SolutionConfigurationPlatforms) = preSolution
		Debug|x64 = Debug|x64
		Debug|x86 = Debug|x86
		Release|x64 = Release|x64
		Release|x86 = Release|x86
	EndGlobalSection
	GlobalSection(ProjectConfigurationPlatforms) = postSolution
		{DFC38EF5-9896-404C-905E-177534C3E105}.Debug|x64.ActiveCfg = Debug|x64
		{DFC38EF5-9896-404C-905E-177534C3E105}.Debug|x64.Build.0 = Debug|x64
		{DFC38EF5-9896-404C-905E-177534C3E105}.Debug|x86.ActiveCfg = Debug|Win32
		{DFC38EF5-9896-404C-905E-177534C3E105}.Debug|x86.Build.0 = Debug|Win32
		{DFC38EF5-9896-404C-905E-177534C3E105}.Release|x64.ActiveCfg = Release|x64
		{DFC38EF5-9896-404C-905E-177534C3E105}.Release|x64.Build.0 = Release|x64
		{DFC38EF5-9896-404C-905E-177534C3E105}.Release|x86.ActiveCfg = Release|Win32
		{DFC38EF5-9896-404C-905E-177534C3E105}.Release|x86.Build.0 = Release|Win32
	EndGlobalSection
	GlobalSection(SolutionProperties) = preSolution
		HideSolutionNode = FALSE
	EndGlobalSection
	GlobalSection(ExtensibilityGlobals) = postSolution
		SolutionGuid = {3A588DC3-1099-4701-B9DD-9B5C16F475B8}
	EndGlobalSection
EndGlobal
