
Microsoft Visual Studio Solution File, Format Version 12.00
# Visual Studio 15
VisualStudioVersion = 15.0.28307.1622
MinimumVisualStudioVersion = 10.0.40219.1
Project("{8BC9CEB8-8B4A-11D0-8D11-00A0C91BC942}") = "4_1_information_hiding", "4_1_information_hiding\4_1_information_hiding.vcxproj", "{90B855CC-1EE4-4D41-9174-D7D9959598E0}"
EndProject
Global
	GlobalSection(SolutionConfigurationPlatforms) = preSolution
		Debug|x64 = Debug|x64
		Debug|x86 = Debug|x86
		Release|x64 = Release|x64
		Release|x86 = Release|x86
	EndGlobalSection
	GlobalSection(ProjectConfigurationPlatforms) = postSolution
		{90B855CC-1EE4-4D41-9174-D7D9959598E0}.Debug|x64.ActiveCfg = Debug|x64
		{90B855CC-1EE4-4D41-9174-D7D9959598E0}.Debug|x64.Build.0 = Debug|x64
		{90B855CC-1EE4-4D41-9174-D7D9959598E0}.Debug|x86.ActiveCfg = Debug|Win32
		{90B855CC-1EE4-4D41-9174-D7D9959598E0}.Debug|x86.Build.0 = Debug|Win32
		{90B855CC-1EE4-4D41-9174-D7D9959598E0}.Release|x64.ActiveCfg = Release|x64
		{90B855CC-1EE4-4D41-9174-D7D9959598E0}.Release|x64.Build.0 = Release|x64
		{90B855CC-1EE4-4D41-9174-D7D9959598E0}.Release|x86.ActiveCfg = Release|Win32
		{90B855CC-1EE4-4D41-9174-D7D9959598E0}.Release|x86.Build.0 = Release|Win32
	EndGlobalSection
	GlobalSection(SolutionProperties) = preSolution
		HideSolutionNode = FALSE
	EndGlobalSection
	GlobalSection(ExtensibilityGlobals) = postSolution
		SolutionGuid = {C3EE0640-B3A9-4554-93AE-B6827BE0954A}
	EndGlobalSection
EndGlobal
